
Microsoft Visual Studio Solution File, Format Version 10.00
# Visual Studio 2008
Project("{8BC9CEB8-8B4A-11D0-8D11-00A0C91BC942}") = "Project_2", "Project_2\Project_2.vcproj", "{BDEEFCBB-5276-44AB-A122-7D3C70F77456}"
EndProject
Global
	GlobalSection(SolutionConfigurationPlatforms) = preSolution
		Debug|Win32 = Debug|Win32
		Release|Win32 = Release|Win32
	EndGlobalSection
	GlobalSection(ProjectConfigurationPlatforms) = postSolution
		{BDEEFCBB-5276-44AB-A122-7D3C70F77456}.Debug|Win32.ActiveCfg = Debug|Win32
		{BDEEFCBB-5276-44AB-A122-7D3C70F77456}.Debug|Win32.Build.0 = Debug|Win32
		{BDEEFCBB-5276-44AB-A122-7D3C70F77456}.Release|Win32.ActiveCfg = Release|Win32
		{BDEEFCBB-5276-44AB-A122-7D3C70F77456}.Release|Win32.Build.0 = Release|Win32
	EndGlobalSection
	GlobalSection(SolutionProperties) = preSolution
		HideSolutionNode = FALSE
	EndGlobalSection
EndGlobal
